
Microsoft Visual Studio Solution File, Format Version 12.00
# Visual Studio Version 16
VisualStudioVersion = 16.0.29709.97
MinimumVisualStudioVersion = 10.0.40219.1
Project("{FAE04EC0-301F-11D3-BF4B-00C04F79EFBC}") = "Hospital-Payroll", "Hospital-Payroll.csproj", "{2DDF23F3-1CA8-4A7D-8097-4A205CE4E184}"
EndProject
Global
	GlobalSection(SolutionConfigurationPlatforms) = preSolution
		Debug|Any CPU = Debug|Any CPU
		Release|Any CPU = Release|Any CPU
	EndGlobalSection
	GlobalSection(ProjectConfigurationPlatforms) = postSolution
		{2DDF23F3-1CA8-4A7D-8097-4A205CE4E184}.Debug|Any CPU.ActiveCfg = Debug|Any CPU
		{2DDF23F3-1CA8-4A7D-8097-4A205CE4E184}.Debug|Any CPU.Build.0 = Debug|Any CPU
		{2DDF23F3-1CA8-4A7D-8097-4A205CE4E184}.Release|Any CPU.ActiveCfg = Release|Any CPU
		{2DDF23F3-1CA8-4A7D-8097-4A205CE4E184}.Release|Any CPU.Build.0 = Release|Any CPU
	EndGlobalSection
	GlobalSection(SolutionProperties) = preSolution
		HideSolutionNode = FALSE
	EndGlobalSection
	GlobalSection(ExtensibilityGlobals) = postSolution
		SolutionGuid = {1BDBF141-4B4C-4D07-A64C-93DD7D1B66FF}
	EndGlobalSection
EndGlobal
